
Microsoft Visual Studio Solution File, Format Version 11.00
# Visual Studio 2010
Project("{FAE04EC0-301F-11D3-BF4B-00C04F79EFBC}") = "Juliet", "Juliet\Juliet.csproj", "{33CCE329-E6B1-4C98-85FA-1B451398A83C}"
EndProject
Project("{FAE04EC0-301F-11D3-BF4B-00C04F79EFBC}") = "MFJuliet", "MFJuliet\MFJuliet.csproj", "{ED58BAEE-AED7-4A15-AC62-F0C619A439F7}"
EndProject
Global
	GlobalSection(SolutionConfigurationPlatforms) = preSolution
		Debug|Any CPU = Debug|Any CPU
		Release|Any CPU = Release|Any CPU
	EndGlobalSection
	GlobalSection(ProjectConfigurationPlatforms) = postSolution
		{33CCE329-E6B1-4C98-85FA-1B451398A83C}.Debug|Any CPU.ActiveCfg = Debug|Any CPU
		{33CCE329-E6B1-4C98-85FA-1B451398A83C}.Debug|Any CPU.Build.0 = Debug|Any CPU
		{33CCE329-E6B1-4C98-85FA-1B451398A83C}.Release|Any CPU.ActiveCfg = Release|Any CPU
		{33CCE329-E6B1-4C98-85FA-1B451398A83C}.Release|Any CPU.Build.0 = Release|Any CPU
		{ED58BAEE-AED7-4A15-AC62-F0C619A439F7}.Debug|Any CPU.ActiveCfg = Debug|Any CPU
		{ED58BAEE-AED7-4A15-AC62-F0C619A439F7}.Debug|Any CPU.Build.0 = Debug|Any CPU
		{ED58BAEE-AED7-4A15-AC62-F0C619A439F7}.Release|Any CPU.ActiveCfg = Release|Any CPU
		{ED58BAEE-AED7-4A15-AC62-F0C619A439F7}.Release|Any CPU.Build.0 = Release|Any CPU
	EndGlobalSection
	GlobalSection(SolutionProperties) = preSolution
		HideSolutionNode = FALSE
	EndGlobalSection
EndGlobal
