
Microsoft Visual Studio Solution File, Format Version 11.00
# Visual Studio 2010
Project("{FAE04EC0-301F-11D3-BF4B-00C04F79EFBC}") = "Neduino.KnockSensor", "Neduino.KnockSensor\Neduino.KnockSensor.csproj", "{62F69B70-139A-4DE2-BE3D-34B907366A81}"
EndProject
Project("{FAE04EC0-301F-11D3-BF4B-00C04F79EFBC}") = "Netduino.Lib.Common", "..\Netduino.Lib.Common\Netduino.Lib.Common.csproj", "{6A7EA81F-CB24-4A55-9A9E-0C958CC3988D}"
EndProject
Global
	GlobalSection(SolutionConfigurationPlatforms) = preSolution
		Debug|Any CPU = Debug|Any CPU
		Release|Any CPU = Release|Any CPU
	EndGlobalSection
	GlobalSection(ProjectConfigurationPlatforms) = postSolution
		{62F69B70-139A-4DE2-BE3D-34B907366A81}.Debug|Any CPU.ActiveCfg = Debug|Any CPU
		{62F69B70-139A-4DE2-BE3D-34B907366A81}.Debug|Any CPU.Build.0 = Debug|Any CPU
		{62F69B70-139A-4DE2-BE3D-34B907366A81}.Debug|Any CPU.Deploy.0 = Debug|Any CPU
		{62F69B70-139A-4DE2-BE3D-34B907366A81}.Release|Any CPU.ActiveCfg = Release|Any CPU
		{62F69B70-139A-4DE2-BE3D-34B907366A81}.Release|Any CPU.Build.0 = Release|Any CPU
		{62F69B70-139A-4DE2-BE3D-34B907366A81}.Release|Any CPU.Deploy.0 = Release|Any CPU
		{6A7EA81F-CB24-4A55-9A9E-0C958CC3988D}.Debug|Any CPU.ActiveCfg = Debug|Any CPU
		{6A7EA81F-CB24-4A55-9A9E-0C958CC3988D}.Debug|Any CPU.Build.0 = Debug|Any CPU
		{6A7EA81F-CB24-4A55-9A9E-0C958CC3988D}.Release|Any CPU.ActiveCfg = Release|Any CPU
		{6A7EA81F-CB24-4A55-9A9E-0C958CC3988D}.Release|Any CPU.Build.0 = Release|Any CPU
	EndGlobalSection
	GlobalSection(SolutionProperties) = preSolution
		HideSolutionNode = FALSE
	EndGlobalSection
EndGlobal
